# THIS IS AN AUTOGENERATED FILE. DO NOT EDIT THIS FILE DIRECTLY.
# yarn lockfile v1


esbuild-svelte@0.4.0:
  version "0.4.0"
  resolved "https://registry.yarnpkg.com/esbuild-svelte/-/esbuild-svelte-0.4.0.tgz#d95aa5b3ffd6907ab179a342221b56f36ef04c8b"
  integrity sha512-CQ9ql0kjVyixRJAmA1tItut8IPg8w0+UJW9PpslRWZd1RVJUcyfzOOMgeURzRXHwAFir5aR8FVwH8I1eWEMtNg==
  dependencies:
    svelte "^3.31.0"

esbuild@0.8.36:
  version "0.8.36"
  resolved "https://registry.yarnpkg.com/esbuild/-/esbuild-0.8.36.tgz#f5b7c61473721c7d53ffe7c88708e25f3b6182f3"
  integrity sha512-kcUQB61Tf8rLJ3mOwP2ruWi/iFufaQcEs4No+JA6e7W2kMOtFExOsbyeFpEF6zNacwk2RF5fYUz5jfZwgn/SJg==

svelte@^3.31.0:
  version "3.32.0"
  resolved "https://registry.yarnpkg.com/svelte/-/svelte-3.32.0.tgz#06d7dcdf65e62a708c74231f7099569df43e3af6"
  integrity sha512-+EA3qfKDG0uB16s7m1z9Nc1o01G7YC4eq1cnHOzCy+fKsvGAJrjhjBIM3zCW2eZUu639UbHQElaOPQWUjBN3Yw==
